
Microsoft Visual Studio Solution File, Format Version 12.00
# Visual Studio 2013
VisualStudioVersion = 12.0.31101.0
MinimumVisualStudioVersion = 10.0.40219.1
Project("{FAE04EC0-301F-11D3-BF4B-00C04F79EFBC}") = "FriendBook.Web.Admin", "FriendBook.AdminWeb\FriendBook.Web.Admin.csproj", "{FB709617-8AB7-410C-A1C7-F4B57ACB9656}"
EndProject
Project("{FAE04EC0-301F-11D3-BF4B-00C04F79EFBC}") = "FriendBook.Web.Admin.Model", "FriendBook.Model\FriendBook.Web.Admin.Model.csproj", "{16272BE8-25AA-4A99-851D-BB593A04559E}"
EndProject
Project("{2150E333-8FDC-42A3-9474-1A3956D46DE8}") = "DataAccess", "DataAccess", "{0FDED326-B340-473B-95A2-8067780BC181}"
EndProject
Project("{FAE04EC0-301F-11D3-BF4B-00C04F79EFBC}") = "FriendBook.DataAccess.FE", "FriendBook.DataAccess.FE\FriendBook.DataAccess.FE.csproj", "{616E8952-35EE-44E6-B2B3-DB97DEC04B9F}"
EndProject
Project("{FAE04EC0-301F-11D3-BF4B-00C04F79EFBC}") = "FriendBook.Web.Admin.Business", "FriendBook.DataAccess.Fun\FriendBook.Web.Admin.Business.csproj", "{90CD6D0F-1E9D-4FF7-9475-036CBB986D8B}"
EndProject
Project("{2150E333-8FDC-42A3-9474-1A3956D46DE8}") = "Framework", "Framework", "{C0C7502A-2E99-4DCD-B0E9-D4FFF7B26105}"
EndProject
Project("{FAE04EC0-301F-11D3-BF4B-00C04F79EFBC}") = "Framework.Common", "Framework.Common\Framework.Common.csproj", "{66808DB3-9C5F-44CE-8B5D-51097AEC4887}"
EndProject
Project("{FAE04EC0-301F-11D3-BF4B-00C04F79EFBC}") = "Framework.Log", "Framework.Log\Framework.Log.csproj", "{FFE2B30B-CFA6-4865-9571-EF3D02BADDE9}"
EndProject
Project("{FAE04EC0-301F-11D3-BF4B-00C04F79EFBC}") = "Framework.Cache", "Framework.Cache\Framework.Cache.csproj", "{DB687347-363D-443B-85F8-9B3F6D77F3FD}"
EndProject
Project("{FAE04EC0-301F-11D3-BF4B-00C04F79EFBC}") = "FriendBook.Web.PC", "FriendBook.Web\FriendBook.Web.PC.csproj", "{526A07C5-1467-4889-85B9-E3E0709D358A}"
EndProject
Project("{FAE04EC0-301F-11D3-BF4B-00C04F79EFBC}") = "FriendBook.API", "FriendBook.API\FriendBook.API.csproj", "{91FBBCBB-28B6-43F2-AF45-3E69C6D97ECB}"
EndProject
Project("{2150E333-8FDC-42A3-9474-1A3956D46DE8}") = "API", "API", "{EBB144F7-3A1E-4B1C-92ED-3624A7470D02}"
EndProject
Project("{2150E333-8FDC-42A3-9474-1A3956D46DE8}") = "Web.Admin", "Web.Admin", "{7FBF9565-EA08-4CB0-95F7-480F252FD2A1}"
EndProject
Project("{2150E333-8FDC-42A3-9474-1A3956D46DE8}") = "Web.PC", "Web.PC", "{43C6423E-9DFF-4CAD-9793-494295365EE4}"
EndProject
Project("{FAE04EC0-301F-11D3-BF4B-00C04F79EFBC}") = "FriendBook.API.Model", "FriendBook.API.Model\FriendBook.API.Model.csproj", "{9BC45DF6-9480-4424-8B98-DFC121CA98FF}"
EndProject
Project("{FAE04EC0-301F-11D3-BF4B-00C04F79EFBC}") = "FriendBook.Web.PC.Model", "FriendBook.PCWeb.Model\FriendBook.Web.PC.Model.csproj", "{80E0C3D9-C14E-4066-9B81-004CACB2ECE2}"
EndProject
Project("{FAE04EC0-301F-11D3-BF4B-00C04F79EFBC}") = "FriendBook.API.Business", "FriendBook.API.Business\FriendBook.API.Business.csproj", "{CA811769-9558-43A1-8491-1C353A519D25}"
EndProject
Project("{FAE04EC0-301F-11D3-BF4B-00C04F79EFBC}") = "FriendBook.Web.PC.Businsee", "FriendBook.PCWeb.Businsee\FriendBook.Web.PC.Businsee.csproj", "{6C49C956-2DBE-4C67-AD0C-E601B0846BE0}"
EndProject
Global
	GlobalSection(SolutionConfigurationPlatforms) = preSolution
		Debug|Any CPU = Debug|Any CPU
		Release|Any CPU = Release|Any CPU
	EndGlobalSection
	GlobalSection(ProjectConfigurationPlatforms) = postSolution
		{FB709617-8AB7-410C-A1C7-F4B57ACB9656}.Debug|Any CPU.ActiveCfg = Debug|Any CPU
		{FB709617-8AB7-410C-A1C7-F4B57ACB9656}.Debug|Any CPU.Build.0 = Debug|Any CPU
		{FB709617-8AB7-410C-A1C7-F4B57ACB9656}.Release|Any CPU.ActiveCfg = Release|Any CPU
		{FB709617-8AB7-410C-A1C7-F4B57ACB9656}.Release|Any CPU.Build.0 = Release|Any CPU
		{16272BE8-25AA-4A99-851D-BB593A04559E}.Debug|Any CPU.ActiveCfg = Debug|Any CPU
		{16272BE8-25AA-4A99-851D-BB593A04559E}.Debug|Any CPU.Build.0 = Debug|Any CPU
		{16272BE8-25AA-4A99-851D-BB593A04559E}.Release|Any CPU.ActiveCfg = Release|Any CPU
		{16272BE8-25AA-4A99-851D-BB593A04559E}.Release|Any CPU.Build.0 = Release|Any CPU
		{616E8952-35EE-44E6-B2B3-DB97DEC04B9F}.Debug|Any CPU.ActiveCfg = Debug|Any CPU
		{616E8952-35EE-44E6-B2B3-DB97DEC04B9F}.Debug|Any CPU.Build.0 = Debug|Any CPU
		{616E8952-35EE-44E6-B2B3-DB97DEC04B9F}.Release|Any CPU.ActiveCfg = Release|Any CPU
		{616E8952-35EE-44E6-B2B3-DB97DEC04B9F}.Release|Any CPU.Build.0 = Release|Any CPU
		{90CD6D0F-1E9D-4FF7-9475-036CBB986D8B}.Debug|Any CPU.ActiveCfg = Debug|Any CPU
		{90CD6D0F-1E9D-4FF7-9475-036CBB986D8B}.Debug|Any CPU.Build.0 = Debug|Any CPU
		{90CD6D0F-1E9D-4FF7-9475-036CBB986D8B}.Release|Any CPU.ActiveCfg = Release|Any CPU
		{90CD6D0F-1E9D-4FF7-9475-036CBB986D8B}.Release|Any CPU.Build.0 = Release|Any CPU
		{66808DB3-9C5F-44CE-8B5D-51097AEC4887}.Debug|Any CPU.ActiveCfg = Debug|Any CPU
		{66808DB3-9C5F-44CE-8B5D-51097AEC4887}.Debug|Any CPU.Build.0 = Debug|Any CPU
		{66808DB3-9C5F-44CE-8B5D-51097AEC4887}.Release|Any CPU.ActiveCfg = Release|Any CPU
		{66808DB3-9C5F-44CE-8B5D-51097AEC4887}.Release|Any CPU.Build.0 = Release|Any CPU
		{FFE2B30B-CFA6-4865-9571-EF3D02BADDE9}.Debug|Any CPU.ActiveCfg = Debug|Any CPU
		{FFE2B30B-CFA6-4865-9571-EF3D02BADDE9}.Debug|Any CPU.Build.0 = Debug|Any CPU
		{FFE2B30B-CFA6-4865-9571-EF3D02BADDE9}.Release|Any CPU.ActiveCfg = Release|Any CPU
		{FFE2B30B-CFA6-4865-9571-EF3D02BADDE9}.Release|Any CPU.Build.0 = Release|Any CPU
		{DB687347-363D-443B-85F8-9B3F6D77F3FD}.Debug|Any CPU.ActiveCfg = Debug|Any CPU
		{DB687347-363D-443B-85F8-9B3F6D77F3FD}.Debug|Any CPU.Build.0 = Debug|Any CPU
		{DB687347-363D-443B-85F8-9B3F6D77F3FD}.Release|Any CPU.ActiveCfg = Release|Any CPU
		{DB687347-363D-443B-85F8-9B3F6D77F3FD}.Release|Any CPU.Build.0 = Release|Any CPU
		{526A07C5-1467-4889-85B9-E3E0709D358A}.Debug|Any CPU.ActiveCfg = Debug|Any CPU
		{526A07C5-1467-4889-85B9-E3E0709D358A}.Debug|Any CPU.Build.0 = Debug|Any CPU
		{526A07C5-1467-4889-85B9-E3E0709D358A}.Release|Any CPU.ActiveCfg = Release|Any CPU
		{526A07C5-1467-4889-85B9-E3E0709D358A}.Release|Any CPU.Build.0 = Release|Any CPU
		{91FBBCBB-28B6-43F2-AF45-3E69C6D97ECB}.Debug|Any CPU.ActiveCfg = Debug|Any CPU
		{91FBBCBB-28B6-43F2-AF45-3E69C6D97ECB}.Debug|Any CPU.Build.0 = Debug|Any CPU
		{91FBBCBB-28B6-43F2-AF45-3E69C6D97ECB}.Release|Any CPU.ActiveCfg = Release|Any CPU
		{91FBBCBB-28B6-43F2-AF45-3E69C6D97ECB}.Release|Any CPU.Build.0 = Release|Any CPU
		{9BC45DF6-9480-4424-8B98-DFC121CA98FF}.Debug|Any CPU.ActiveCfg = Debug|Any CPU
		{9BC45DF6-9480-4424-8B98-DFC121CA98FF}.Debug|Any CPU.Build.0 = Debug|Any CPU
		{9BC45DF6-9480-4424-8B98-DFC121CA98FF}.Release|Any CPU.ActiveCfg = Release|Any CPU
		{9BC45DF6-9480-4424-8B98-DFC121CA98FF}.Release|Any CPU.Build.0 = Release|Any CPU
		{80E0C3D9-C14E-4066-9B81-004CACB2ECE2}.Debug|Any CPU.ActiveCfg = Debug|Any CPU
		{80E0C3D9-C14E-4066-9B81-004CACB2ECE2}.Debug|Any CPU.Build.0 = Debug|Any CPU
		{80E0C3D9-C14E-4066-9B81-004CACB2ECE2}.Release|Any CPU.ActiveCfg = Release|Any CPU
		{80E0C3D9-C14E-4066-9B81-004CACB2ECE2}.Release|Any CPU.Build.0 = Release|Any CPU
		{CA811769-9558-43A1-8491-1C353A519D25}.Debug|Any CPU.ActiveCfg = Debug|Any CPU
		{CA811769-9558-43A1-8491-1C353A519D25}.Debug|Any CPU.Build.0 = Debug|Any CPU
		{CA811769-9558-43A1-8491-1C353A519D25}.Release|Any CPU.ActiveCfg = Release|Any CPU
		{CA811769-9558-43A1-8491-1C353A519D25}.Release|Any CPU.Build.0 = Release|Any CPU
		{6C49C956-2DBE-4C67-AD0C-E601B0846BE0}.Debug|Any CPU.ActiveCfg = Debug|Any CPU
		{6C49C956-2DBE-4C67-AD0C-E601B0846BE0}.Debug|Any CPU.Build.0 = Debug|Any CPU
		{6C49C956-2DBE-4C67-AD0C-E601B0846BE0}.Release|Any CPU.ActiveCfg = Release|Any CPU
		{6C49C956-2DBE-4C67-AD0C-E601B0846BE0}.Release|Any CPU.Build.0 = Release|Any CPU
	EndGlobalSection
	GlobalSection(SolutionProperties) = preSolution
		HideSolutionNode = FALSE
	EndGlobalSection
	GlobalSection(NestedProjects) = preSolution
		{FB709617-8AB7-410C-A1C7-F4B57ACB9656} = {7FBF9565-EA08-4CB0-95F7-480F252FD2A1}
		{16272BE8-25AA-4A99-851D-BB593A04559E} = {7FBF9565-EA08-4CB0-95F7-480F252FD2A1}
		{616E8952-35EE-44E6-B2B3-DB97DEC04B9F} = {0FDED326-B340-473B-95A2-8067780BC181}
		{90CD6D0F-1E9D-4FF7-9475-036CBB986D8B} = {7FBF9565-EA08-4CB0-95F7-480F252FD2A1}
		{66808DB3-9C5F-44CE-8B5D-51097AEC4887} = {C0C7502A-2E99-4DCD-B0E9-D4FFF7B26105}
		{FFE2B30B-CFA6-4865-9571-EF3D02BADDE9} = {C0C7502A-2E99-4DCD-B0E9-D4FFF7B26105}
		{DB687347-363D-443B-85F8-9B3F6D77F3FD} = {C0C7502A-2E99-4DCD-B0E9-D4FFF7B26105}
		{526A07C5-1467-4889-85B9-E3E0709D358A} = {43C6423E-9DFF-4CAD-9793-494295365EE4}
		{91FBBCBB-28B6-43F2-AF45-3E69C6D97ECB} = {EBB144F7-3A1E-4B1C-92ED-3624A7470D02}
		{9BC45DF6-9480-4424-8B98-DFC121CA98FF} = {EBB144F7-3A1E-4B1C-92ED-3624A7470D02}
		{80E0C3D9-C14E-4066-9B81-004CACB2ECE2} = {43C6423E-9DFF-4CAD-9793-494295365EE4}
		{CA811769-9558-43A1-8491-1C353A519D25} = {EBB144F7-3A1E-4B1C-92ED-3624A7470D02}
		{6C49C956-2DBE-4C67-AD0C-E601B0846BE0} = {43C6423E-9DFF-4CAD-9793-494295365EE4}
	EndGlobalSection
EndGlobal
